
Microsoft Visual Studio Solution File, Format Version 12.00
# Visual Studio Version 16
VisualStudioVersion = 16.0.30717.126
MinimumVisualStudioVersion = 10.0.40219.1
Project("{FAE04EC0-301F-11D3-BF4B-00C04F79EFBC}") = "SalonTatuaje", "SalonTatuaje.csproj", "{1E28DE2A-C2EA-4690-B0BC-985BB8F8ABF4}"
EndProject
Global
	GlobalSection(SolutionConfigurationPlatforms) = preSolution
		Debug|Any CPU = Debug|Any CPU
		Release|Any CPU = Release|Any CPU
	EndGlobalSection
	GlobalSection(ProjectConfigurationPlatforms) = postSolution
		{1E28DE2A-C2EA-4690-B0BC-985BB8F8ABF4}.Debug|Any CPU.ActiveCfg = Debug|Any CPU
		{1E28DE2A-C2EA-4690-B0BC-985BB8F8ABF4}.Debug|Any CPU.Build.0 = Debug|Any CPU
		{1E28DE2A-C2EA-4690-B0BC-985BB8F8ABF4}.Release|Any CPU.ActiveCfg = Release|Any CPU
		{1E28DE2A-C2EA-4690-B0BC-985BB8F8ABF4}.Release|Any CPU.Build.0 = Release|Any CPU
	EndGlobalSection
	GlobalSection(SolutionProperties) = preSolution
		HideSolutionNode = FALSE
	EndGlobalSection
	GlobalSection(ExtensibilityGlobals) = postSolution
		SolutionGuid = {99F19B45-0C77-45D9-A768-65434B86C069}
	EndGlobalSection
EndGlobal
